
Microsoft Visual Studio Solution File, Format Version 12.00
# Visual Studio 15
VisualStudioVersion = 15.0.27130.2003
MinimumVisualStudioVersion = 10.0.40219.1
Project("{2150E333-8FDC-42A3-9474-1A3956D46DE8}") = "Scripts", "Scripts", "{CFA5D748-3ACC-4250-A64E-0F6DDC95C6B9}"
	ProjectSection(SolutionItems) = preProject
		..\..\build.cake = ..\..\build.cake
		..\..\build.ps1 = ..\..\build.ps1
		..\..\build.sh = ..\..\build.sh
	EndProjectSection
EndProject
Project("{2150E333-8FDC-42A3-9474-1A3956D46DE8}") = "Solution Items", "Solution Items", "{25DF96E9-07B7-4D94-803B-160528F0C456}"
	ProjectSection(SolutionItems) = preProject
		..\..\.gitignore = ..\..\.gitignore
		..\..\README.md = ..\..\README.md
	EndProjectSection
EndProject
Project("{9A19103F-16F7-4668-BE54-9A1E7A4F7556}") = "Serilog.Sinks.Oracle", "Serilog.Sinks.Oracle\Serilog.Sinks.Oracle.csproj", "{86F83953-8BD4-486F-A5D0-34B1D3C7C277}"
EndProject
Project("{9A19103F-16F7-4668-BE54-9A1E7A4F7556}") = "Serilog.Sinks.Oracle.UnitTests", "Serilog.Sinks.Oracle.UnitTests\Serilog.Sinks.Oracle.UnitTests.csproj", "{EC52C381-2494-4292-A5C6-DE4ED6A88FA9}"
EndProject
Project("{9A19103F-16F7-4668-BE54-9A1E7A4F7556}") = "Serilog.Sinks.Oracle.ConsoleTester", "Serilog.Sinks.Oracle.ConsoleTester\Serilog.Sinks.Oracle.ConsoleTester.csproj", "{1E593EDD-36B6-45D2-A50E-08C9A27C9732}"
EndProject
Global
	GlobalSection(SolutionConfigurationPlatforms) = preSolution
		Debug|Any CPU = Debug|Any CPU
		Release|Any CPU = Release|Any CPU
	EndGlobalSection
	GlobalSection(ProjectConfigurationPlatforms) = postSolution
		{86F83953-8BD4-486F-A5D0-34B1D3C7C277}.Debug|Any CPU.ActiveCfg = Debug|Any CPU
		{86F83953-8BD4-486F-A5D0-34B1D3C7C277}.Debug|Any CPU.Build.0 = Debug|Any CPU
		{86F83953-8BD4-486F-A5D0-34B1D3C7C277}.Release|Any CPU.ActiveCfg = Release|Any CPU
		{86F83953-8BD4-486F-A5D0-34B1D3C7C277}.Release|Any CPU.Build.0 = Release|Any CPU
		{EC52C381-2494-4292-A5C6-DE4ED6A88FA9}.Debug|Any CPU.ActiveCfg = Debug|Any CPU
		{EC52C381-2494-4292-A5C6-DE4ED6A88FA9}.Debug|Any CPU.Build.0 = Debug|Any CPU
		{EC52C381-2494-4292-A5C6-DE4ED6A88FA9}.Release|Any CPU.ActiveCfg = Release|Any CPU
		{EC52C381-2494-4292-A5C6-DE4ED6A88FA9}.Release|Any CPU.Build.0 = Release|Any CPU
		{1E593EDD-36B6-45D2-A50E-08C9A27C9732}.Debug|Any CPU.ActiveCfg = Debug|Any CPU
		{1E593EDD-36B6-45D2-A50E-08C9A27C9732}.Debug|Any CPU.Build.0 = Debug|Any CPU
		{1E593EDD-36B6-45D2-A50E-08C9A27C9732}.Release|Any CPU.ActiveCfg = Release|Any CPU
		{1E593EDD-36B6-45D2-A50E-08C9A27C9732}.Release|Any CPU.Build.0 = Release|Any CPU
	EndGlobalSection
	GlobalSection(SolutionProperties) = preSolution
		HideSolutionNode = FALSE
	EndGlobalSection
	GlobalSection(ExtensibilityGlobals) = postSolution
		SolutionGuid = {2239E80B-88AD-4661-909B-0BB1FEE1D1BE}
	EndGlobalSection
EndGlobal
